{
  "nodes": {
    "darwin": {
      "inputs": {
        "nixpkgs": [
          "nixpkgs-darwin"
        ]
      },
      "locked": {
        "lastModified": 1715871485,
        "narHash": "sha256-ywapEXmBBI+DVRx/YYC6+6Lk+W8vhShz1uJNvqPKzng=",
        "owner": "lnl7",
        "repo": "nix-darwin",
        "rev": "cb02884fa1ff5a619a44ab5f1bcc4dedd2d623c2",
        "type": "github"
      },
      "original": {
        "owner": "lnl7",
        "ref": "master",
        "repo": "nix-darwin",
        "type": "github"
      }
    },
    "home-manager": {
      "inputs": {
        "nixpkgs": [
          "nixpkgs"
        ]
      },
      "locked": {
        "lastModified": 1715381426,
        "narHash": "sha256-wPuqrAQGdv3ISs74nJfGb+Yprm23U/rFpcHFFNWgM94=",
        "owner": "nix-community",
        "repo": "home-manager",
        "rev": "ab5542e9dbd13d0100f8baae2bc2d68af901f4b4",
        "type": "github"
      },
      "original": {
        "owner": "nix-community",
        "ref": "release-23.11",
        "repo": "home-manager",
        "type": "github"
      }
    },
    "home-manager-darwin": {
      "inputs": {
        "nixpkgs": [
          "nixpkgs-darwin"
        ]
      },
      "locked": {
        "lastModified": 1715381426,
        "narHash": "sha256-wPuqrAQGdv3ISs74nJfGb+Yprm23U/rFpcHFFNWgM94=",
        "owner": "nix-community",
        "repo": "home-manager",
        "rev": "ab5542e9dbd13d0100f8baae2bc2d68af901f4b4",
        "type": "github"
      },
      "original": {
        "owner": "nix-community",
        "ref": "release-23.11",
        "repo": "home-manager",
        "type": "github"
      }
    },
    "hyprcursor": {
      "inputs": {
        "hyprlang": [
          "hyprland",
          "hyprlang"
        ],
        "nixpkgs": [
          "hyprland",
          "nixpkgs"
        ],
        "systems": [
          "hyprland",
          "systems"
        ]
      },
      "locked": {
        "lastModified": 1715791817,
        "narHash": "sha256-J069Uhv/gCMFLX1dSh2f+9ZTM09r1Nv3oUfocCnWKow=",
        "owner": "hyprwm",
        "repo": "hyprcursor",
        "rev": "7c3aa03dffb53921e583ade3d4ae3f487e390e7e",
        "type": "github"
      },
      "original": {
        "owner": "hyprwm",
        "repo": "hyprcursor",
        "type": "github"
      }
    },
    "hyprland": {
      "inputs": {
        "hyprcursor": "hyprcursor",
        "hyprlang": "hyprlang",
        "hyprwayland-scanner": "hyprwayland-scanner",
        "nixpkgs": "nixpkgs",
        "systems": "systems",
        "xdph": "xdph"
      },
      "locked": {
        "lastModified": 1715898843,
        "narHash": "sha256-YK+ACz2NbpR+o+KR4656eR/57SdW/aqCrn2Bhw+dM+4=",
        "owner": "hyprwm",
        "repo": "Hyprland",
        "rev": "a66cfe0fbed7fb4dc69383e107c2bf3b1e7cd80a",
        "type": "github"
      },
      "original": {
        "owner": "hyprwm",
        "repo": "Hyprland",
        "type": "github"
      }
    },
    "hyprland-contrib": {
      "inputs": {
        "nixpkgs": [
          "nixpkgs"
        ]
      },
      "locked": {
        "lastModified": 1715621965,
        "narHash": "sha256-S5Wzi3hhFOiCaeZqmx3zBdrv8KzaEafD5hCfY8ixz0A=",
        "owner": "hyprwm",
        "repo": "contrib",
        "rev": "46d2206858657d439792926958f52b037534de49",
        "type": "github"
      },
      "original": {
        "owner": "hyprwm",
        "repo": "contrib",
        "type": "github"
      }
    },
    "hyprland-protocols": {
      "inputs": {
        "nixpkgs": [
          "hyprland",
          "xdph",
          "nixpkgs"
        ],
        "systems": [
          "hyprland",
          "xdph",
          "systems"
        ]
      },
      "locked": {
        "lastModified": 1691753796,
        "narHash": "sha256-zOEwiWoXk3j3+EoF3ySUJmberFewWlagvewDRuWYAso=",
        "owner": "hyprwm",
        "repo": "hyprland-protocols",
        "rev": "0c2ce70625cb30aef199cb388f99e19a61a6ce03",
        "type": "github"
      },
      "original": {
        "owner": "hyprwm",
        "repo": "hyprland-protocols",
        "type": "github"
      }
    },
    "hyprlang": {
      "inputs": {
        "nixpkgs": [
          "hyprland",
          "nixpkgs"
        ],
        "systems": [
          "hyprland",
          "systems"
        ]
      },
      "locked": {
        "lastModified": 1715791527,
        "narHash": "sha256-HhQ4zvGHrRjR63ltySSeg+x+0jb0lepiutWdnFhLRoo=",
        "owner": "hyprwm",
        "repo": "hyprlang",
        "rev": "969cb076e5b76f2e823aeca1937a3e1f159812ee",
        "type": "github"
      },
      "original": {
        "owner": "hyprwm",
        "repo": "hyprlang",
        "type": "github"
      }
    },
    "hyprwayland-scanner": {
      "inputs": {
        "nixpkgs": [
          "hyprland",
          "nixpkgs"
        ],
        "systems": [
          "hyprland",
          "systems"
        ]
      },
      "locked": {
        "lastModified": 1715879663,
        "narHash": "sha256-/DwglRvj4XF4ECdNtrCIbthleszAZBwOiXG5A6r0K/c=",
        "owner": "hyprwm",
        "repo": "hyprwayland-scanner",
        "rev": "f5181a068c1b06f2db51f6222e50a0c665a2b0c3",
        "type": "github"
      },
      "original": {
        "owner": "hyprwm",
        "repo": "hyprwayland-scanner",
        "type": "github"
      }
    },
    "nixos-hardware": {
      "locked": {
        "lastModified": 1715881912,
        "narHash": "sha256-e4LJk5uV1wvrRkffGFZekPWvFUx29NnnOahBlLaq8Ek=",
        "owner": "NixOS",
        "repo": "nixos-hardware",
        "rev": "ff1be1e3cdf884df0935ab28745ab13c3c26d828",
        "type": "github"
      },
      "original": {
        "owner": "NixOS",
        "ref": "master",
        "repo": "nixos-hardware",
        "type": "github"
      }
    },
    "nixpkgs": {
      "locked": {
        "lastModified": 1715787315,
        "narHash": "sha256-cYApT0NXJfqBkKcci7D9Kr4CBYZKOQKDYA23q8XNuWg=",
        "owner": "NixOS",
        "repo": "nixpkgs",
        "rev": "33d1e753c82ffc557b4a585c77de43d4c922ebb5",
        "type": "github"
      },
      "original": {
        "owner": "NixOS",
        "ref": "nixos-unstable",
        "repo": "nixpkgs",
        "type": "github"
      }
    },
    "nixpkgs-darwin": {
      "locked": {
        "lastModified": 1715860259,
        "narHash": "sha256-OPe+EbHHTbyD35Z6ASZIZt498r08XjJ1jnNWdmjLlAk=",
        "owner": "nixos",
        "repo": "nixpkgs",
        "rev": "b5b4f5a1006da4f5a9c3637ade7c0baa1ea6677a",
        "type": "github"
      },
      "original": {
        "owner": "nixos",
        "ref": "nixpkgs-23.11-darwin",
        "repo": "nixpkgs",
        "type": "github"
      }
    },
    "nixpkgs-unstable": {
      "locked": {
        "lastModified": 1715787315,
        "narHash": "sha256-cYApT0NXJfqBkKcci7D9Kr4CBYZKOQKDYA23q8XNuWg=",
        "owner": "nixos",
        "repo": "nixpkgs",
        "rev": "33d1e753c82ffc557b4a585c77de43d4c922ebb5",
        "type": "github"
      },
      "original": {
        "owner": "nixos",
        "ref": "nixos-unstable",
        "repo": "nixpkgs",
        "type": "github"
      }
    },
    "nixpkgs_2": {
      "locked": {
        "lastModified": 1715668745,
        "narHash": "sha256-xp62OkRkbUDNUc6VSqH02jB0FbOS+MsfMb7wL1RJOfA=",
        "owner": "nixos",
        "repo": "nixpkgs",
        "rev": "9ddcaffecdf098822d944d4147dd8da30b4e6843",
        "type": "github"
      },
      "original": {
        "owner": "nixos",
        "ref": "nixos-23.11",
        "repo": "nixpkgs",
        "type": "github"
      }
    },
    "root": {
      "inputs": {
        "darwin": "darwin",
        "home-manager": "home-manager",
        "home-manager-darwin": "home-manager-darwin",
        "hyprland": "hyprland",
        "hyprland-contrib": "hyprland-contrib",
        "nixos-hardware": "nixos-hardware",
        "nixpkgs": "nixpkgs_2",
        "nixpkgs-darwin": "nixpkgs-darwin",
        "nixpkgs-unstable": "nixpkgs-unstable"
      }
    },
    "systems": {
      "locked": {
        "lastModified": 1689347949,
        "narHash": "sha256-12tWmuL2zgBgZkdoB6qXZsgJEH9LR3oUgpaQq2RbI80=",
        "owner": "nix-systems",
        "repo": "default-linux",
        "rev": "31732fcf5e8fea42e59c2488ad31a0e651500f68",
        "type": "github"
      },
      "original": {
        "owner": "nix-systems",
        "repo": "default-linux",
        "type": "github"
      }
    },
    "xdph": {
      "inputs": {
        "hyprland-protocols": "hyprland-protocols",
        "hyprlang": [
          "hyprland",
          "hyprlang"
        ],
        "nixpkgs": [
          "hyprland",
          "nixpkgs"
        ],
        "systems": [
          "hyprland",
          "systems"
        ]
      },
      "locked": {
        "lastModified": 1715788457,
        "narHash": "sha256-32HOkjSIyANphV0p5gIwP4ONU/CcinhwOyVFB+tL/d0=",
        "owner": "hyprwm",
        "repo": "xdg-desktop-portal-hyprland",
        "rev": "af7c87a32f5d67eb2ada908a6a700f4e74831943",
        "type": "github"
      },
      "original": {
        "owner": "hyprwm",
        "repo": "xdg-desktop-portal-hyprland",
        "type": "github"
      }
    }
  },
  "root": "root",
  "version": 7
}
